
Microsoft Visual Studio Solution File, Format Version 12.00
# Visual Studio 15
VisualStudioVersion = 15.0.27130.2024
MinimumVisualStudioVersion = 10.0.40219.1
Project("{FAE04EC0-301F-11D3-BF4B-00C04F79EFBC}") = "RemoveNegativesAndReverse", "RemoveNegativesAndReverse\RemoveNegativesAndReverse.csproj", "{FBA08049-9190-4DD4-B738-FB8F706A342F}"
EndProject
Project("{FAE04EC0-301F-11D3-BF4B-00C04F79EFBC}") = "AppendLists", "AppendLists\AppendLists.csproj", "{3BA0E212-9C71-48F9-895A-ECA01845BCE6}"
EndProject
Project("{FAE04EC0-301F-11D3-BF4B-00C04F79EFBC}") = "SumAdjacentEqualNumbers", "SumAdjacentEqualNumbers\SumAdjacentEqualNumbers.csproj", "{7D8E9716-E190-4A91-9928-2DA8CF435685}"
EndProject
Global
	GlobalSection(SolutionConfigurationPlatforms) = preSolution
		Debug|Any CPU = Debug|Any CPU
		Release|Any CPU = Release|Any CPU
	EndGlobalSection
	GlobalSection(ProjectConfigurationPlatforms) = postSolution
		{FBA08049-9190-4DD4-B738-FB8F706A342F}.Debug|Any CPU.ActiveCfg = Debug|Any CPU
		{FBA08049-9190-4DD4-B738-FB8F706A342F}.Debug|Any CPU.Build.0 = Debug|Any CPU
		{FBA08049-9190-4DD4-B738-FB8F706A342F}.Release|Any CPU.ActiveCfg = Release|Any CPU
		{FBA08049-9190-4DD4-B738-FB8F706A342F}.Release|Any CPU.Build.0 = Release|Any CPU
		{3BA0E212-9C71-48F9-895A-ECA01845BCE6}.Debug|Any CPU.ActiveCfg = Debug|Any CPU
		{3BA0E212-9C71-48F9-895A-ECA01845BCE6}.Debug|Any CPU.Build.0 = Debug|Any CPU
		{3BA0E212-9C71-48F9-895A-ECA01845BCE6}.Release|Any CPU.ActiveCfg = Release|Any CPU
		{3BA0E212-9C71-48F9-895A-ECA01845BCE6}.Release|Any CPU.Build.0 = Release|Any CPU
		{7D8E9716-E190-4A91-9928-2DA8CF435685}.Debug|Any CPU.ActiveCfg = Debug|Any CPU
		{7D8E9716-E190-4A91-9928-2DA8CF435685}.Debug|Any CPU.Build.0 = Debug|Any CPU
		{7D8E9716-E190-4A91-9928-2DA8CF435685}.Release|Any CPU.ActiveCfg = Release|Any CPU
		{7D8E9716-E190-4A91-9928-2DA8CF435685}.Release|Any CPU.Build.0 = Release|Any CPU
	EndGlobalSection
	GlobalSection(SolutionProperties) = preSolution
		HideSolutionNode = FALSE
	EndGlobalSection
	GlobalSection(ExtensibilityGlobals) = postSolution
		SolutionGuid = {33A35E45-D9F6-4933-A968-755CF4E8D126}
	EndGlobalSection
EndGlobal
