
Microsoft Visual Studio Solution File, Format Version 12.00
# Visual Studio 15
VisualStudioVersion = 15.0.27130.2024
MinimumVisualStudioVersion = 10.0.40219.1
Project("{9A19103F-16F7-4668-BE54-9A1E7A4F7556}") = "01_LargestCommonEnds", "01_LargestCommonEnds\01_LargestCommonEnds.csproj", "{5DC3B186-CE2B-4C14-80F2-5C23022317F9}"
EndProject
Project("{9A19103F-16F7-4668-BE54-9A1E7A4F7556}") = "03_FoldAndSum", "03_FoldAndSum\03_FoldAndSum.csproj", "{34391F0A-8019-4F34-9A05-C379549C0129}"
EndProject
Project("{9A19103F-16F7-4668-BE54-9A1E7A4F7556}") = "02_RotateAndSum", "02_RotateAndSum\02_RotateAndSum.csproj", "{095D42E8-6402-4CA4-86D5-A94A84B1C9D7}"
EndProject
Project("{FAE04EC0-301F-11D3-BF4B-00C04F79EFBC}") = "11.EqualSums", "11.EqualSums\11.EqualSums.csproj", "{8CA79B84-7A7B-4BC6-8348-A528CDA8D5F9}"
EndProject
Project("{FAE04EC0-301F-11D3-BF4B-00C04F79EFBC}") = "05.CompareCharArrays", "05.CompareCharArrays\05.CompareCharArrays.csproj", "{BB219306-EC17-43DE-A5BC-CC8668F328D0}"
EndProject
Global
	GlobalSection(SolutionConfigurationPlatforms) = preSolution
		Debug|Any CPU = Debug|Any CPU
		Release|Any CPU = Release|Any CPU
	EndGlobalSection
	GlobalSection(ProjectConfigurationPlatforms) = postSolution
		{5DC3B186-CE2B-4C14-80F2-5C23022317F9}.Debug|Any CPU.ActiveCfg = Debug|Any CPU
		{5DC3B186-CE2B-4C14-80F2-5C23022317F9}.Debug|Any CPU.Build.0 = Debug|Any CPU
		{5DC3B186-CE2B-4C14-80F2-5C23022317F9}.Release|Any CPU.ActiveCfg = Release|Any CPU
		{5DC3B186-CE2B-4C14-80F2-5C23022317F9}.Release|Any CPU.Build.0 = Release|Any CPU
		{34391F0A-8019-4F34-9A05-C379549C0129}.Debug|Any CPU.ActiveCfg = Debug|Any CPU
		{34391F0A-8019-4F34-9A05-C379549C0129}.Debug|Any CPU.Build.0 = Debug|Any CPU
		{34391F0A-8019-4F34-9A05-C379549C0129}.Release|Any CPU.ActiveCfg = Release|Any CPU
		{34391F0A-8019-4F34-9A05-C379549C0129}.Release|Any CPU.Build.0 = Release|Any CPU
		{095D42E8-6402-4CA4-86D5-A94A84B1C9D7}.Debug|Any CPU.ActiveCfg = Debug|Any CPU
		{095D42E8-6402-4CA4-86D5-A94A84B1C9D7}.Debug|Any CPU.Build.0 = Debug|Any CPU
		{095D42E8-6402-4CA4-86D5-A94A84B1C9D7}.Release|Any CPU.ActiveCfg = Release|Any CPU
		{095D42E8-6402-4CA4-86D5-A94A84B1C9D7}.Release|Any CPU.Build.0 = Release|Any CPU
		{8CA79B84-7A7B-4BC6-8348-A528CDA8D5F9}.Debug|Any CPU.ActiveCfg = Debug|Any CPU
		{8CA79B84-7A7B-4BC6-8348-A528CDA8D5F9}.Debug|Any CPU.Build.0 = Debug|Any CPU
		{8CA79B84-7A7B-4BC6-8348-A528CDA8D5F9}.Release|Any CPU.ActiveCfg = Release|Any CPU
		{8CA79B84-7A7B-4BC6-8348-A528CDA8D5F9}.Release|Any CPU.Build.0 = Release|Any CPU
		{BB219306-EC17-43DE-A5BC-CC8668F328D0}.Debug|Any CPU.ActiveCfg = Debug|Any CPU
		{BB219306-EC17-43DE-A5BC-CC8668F328D0}.Debug|Any CPU.Build.0 = Debug|Any CPU
		{BB219306-EC17-43DE-A5BC-CC8668F328D0}.Release|Any CPU.ActiveCfg = Release|Any CPU
		{BB219306-EC17-43DE-A5BC-CC8668F328D0}.Release|Any CPU.Build.0 = Release|Any CPU
	EndGlobalSection
	GlobalSection(SolutionProperties) = preSolution
		HideSolutionNode = FALSE
	EndGlobalSection
	GlobalSection(ExtensibilityGlobals) = postSolution
		SolutionGuid = {9C3CDB51-DF93-4872-AC17-FA071090B074}
	EndGlobalSection
EndGlobal
